// !$*UTF8*$!
{
	archiveVersion = 1;
	classes = {
	};
	objectVersion = 56;
	objects = {

/* Begin PBXBuildFile section */
		AA7FDFF52A7A45D2001D727C /* all_model.mlmodel in Sources */ = {isa = PBXBuildFile; fileRef = AA7FDFF42A7A45D2001D727C /* all_model.mlmodel */; };
		AA9333EE2A7E346300614F99 /* compiled_lunge_model.mlmodelc in Resources */ = {isa = PBXBuildFile; fileRef = AA9333E62A7E346200614F99 /* compiled_lunge_model.mlmodelc */; };
		AA9333F12A7E346300614F99 /* burpee_round_model.mlmodel in Sources */ = {isa = PBXBuildFile; fileRef = AA9333E92A7E346200614F99 /* burpee_round_model.mlmodel */; };
		AA9333F42A7E346300614F99 /* lunge_round_model.mlmodel in Sources */ = {isa = PBXBuildFile; fileRef = AA9333EC2A7E346300614F99 /* lunge_round_model.mlmodel */; };
		AA9333F72A7E392B00614F99 /* compiled_all_model.mlmodelc in Resources */ = {isa = PBXBuildFile; fileRef = AA9333F62A7E392B00614F99 /* compiled_all_model.mlmodelc */; };
		AA9C874B2A8DCB6700D69AA3 /* squat_new_model.mlmodel in Sources */ = {isa = PBXBuildFile; fileRef = AA9C874A2A8DCB6700D69AA3 /* squat_new_model.mlmodel */; };
		AA9C874D2A8DCB8000D69AA3 /* situp_new_model.mlmodel in Sources */ = {isa = PBXBuildFile; fileRef = AA9C874C2A8DCB8000D69AA3 /* situp_new_model.mlmodel */; };
		AA9C87502A8DCB8B00D69AA3 /* compiled_situp_new_model.mlmodelc in Resources */ = {isa = PBXBuildFile; fileRef = AA9C874E2A8DCB8B00D69AA3 /* compiled_situp_new_model.mlmodelc */; };
		AA9C87512A8DCB8B00D69AA3 /* compiled_squat_new_model.mlmodelc in Resources */ = {isa = PBXBuildFile; fileRef = AA9C874F2A8DCB8B00D69AA3 /* compiled_squat_new_model.mlmodelc */; };
		AA9E4A262A852AC500BAF6D7 /* compiled_burpee_model.mlmodelc in Resources */ = {isa = PBXBuildFile; fileRef = AA9E4A252A852AC500BAF6D7 /* compiled_burpee_model.mlmodelc */; };
		AAE963F12A740CE00052E4C0 /* CapstoneProject Watch App.app in Embed Watch Content */ = {isa = PBXBuildFile; fileRef = AAE963F02A740CE00052E4C0 /* CapstoneProject Watch App.app */; settings = {ATTRIBUTES = (RemoveHeadersOnCopy, ); }; };
		AAE963F62A740CE00052E4C0 /* CapstoneProjectApp.swift in Sources */ = {isa = PBXBuildFile; fileRef = AAE963F52A740CE00052E4C0 /* CapstoneProjectApp.swift */; };
		AAE963F82A740CE00052E4C0 /* SummaryView.swift in Sources */ = {isa = PBXBuildFile; fileRef = AAE963F72A740CE00052E4C0 /* SummaryView.swift */; };
		AAE963FA2A740CE20052E4C0 /* Assets.xcassets in Resources */ = {isa = PBXBuildFile; fileRef = AAE963F92A740CE20052E4C0 /* Assets.xcassets */; };
		AAE963FD2A740CE20052E4C0 /* Preview Assets.xcassets in Resources */ = {isa = PBXBuildFile; fileRef = AAE963FC2A740CE20052E4C0 /* Preview Assets.xcassets */; };
		AAE964082A740E160052E4C0 /* StartView.swift in Sources */ = {isa = PBXBuildFile; fileRef = AAE964072A740E160052E4C0 /* StartView.swift */; };
		AAE9640C2A740FBB0052E4C0 /* MainManager.swift in Sources */ = {isa = PBXBuildFile; fileRef = AAE9640B2A740FBB0052E4C0 /* MainManager.swift */; };
		AAE9640F2A74127C0052E4C0 /* SensorOutput.swift in Sources */ = {isa = PBXBuildFile; fileRef = AAE9640E2A74127C0052E4C0 /* SensorOutput.swift */; };
		AAE964122A74F9DA0052E4C0 /* Preprocessor.swift in Sources */ = {isa = PBXBuildFile; fileRef = AAE964112A74F9DA0052E4C0 /* Preprocessor.swift */; };
/* End PBXBuildFile section */

/* Begin PBXContainerItemProxy section */
		AAE963F22A740CE00052E4C0 /* PBXContainerItemProxy */ = {
			isa = PBXContainerItemProxy;
			containerPortal = AAE963E42A740CE00052E4C0 /* Project object */;
			proxyType = 1;
			remoteGlobalIDString = AAE963EF2A740CE00052E4C0;
			remoteInfo = "CapstoneProject Watch App";
		};
/* End PBXContainerItemProxy section */

/* Begin PBXCopyFilesBuildPhase section */
		AAE964032A740CE20052E4C0 /* Embed Watch Content */ = {
			isa = PBXCopyFilesBuildPhase;
			buildActionMask = 2147483647;
			dstPath = "$(CONTENTS_FOLDER_PATH)/Watch";
			dstSubfolderSpec = 16;
			files = (
				AAE963F12A740CE00052E4C0 /* CapstoneProject Watch App.app in Embed Watch Content */,
			);
			name = "Embed Watch Content";
			runOnlyForDeploymentPostprocessing = 0;
		};
/* End PBXCopyFilesBuildPhase section */

/* Begin PBXFileReference section */
		AA7FDFF42A7A45D2001D727C /* all_model.mlmodel */ = {isa = PBXFileReference; lastKnownFileType = file.mlmodel; path = all_model.mlmodel; sourceTree = "<group>"; };
		AA9333E62A7E346200614F99 /* compiled_lunge_model.mlmodelc */ = {isa = PBXFileReference; lastKnownFileType = wrapper; path = compiled_lunge_model.mlmodelc; sourceTree = "<group>"; };
		AA9333E92A7E346200614F99 /* burpee_round_model.mlmodel */ = {isa = PBXFileReference; lastKnownFileType = file.mlmodel; path = burpee_round_model.mlmodel; sourceTree = "<group>"; };
		AA9333EC2A7E346300614F99 /* lunge_round_model.mlmodel */ = {isa = PBXFileReference; lastKnownFileType = file.mlmodel; path = lunge_round_model.mlmodel; sourceTree = "<group>"; };
		AA9333F62A7E392B00614F99 /* compiled_all_model.mlmodelc */ = {isa = PBXFileReference; lastKnownFileType = wrapper; path = compiled_all_model.mlmodelc; sourceTree = "<group>"; };
		AA9C874A2A8DCB6700D69AA3 /* squat_new_model.mlmodel */ = {isa = PBXFileReference; lastKnownFileType = file.mlmodel; path = squat_new_model.mlmodel; sourceTree = "<group>"; };
		AA9C874C2A8DCB8000D69AA3 /* situp_new_model.mlmodel */ = {isa = PBXFileReference; lastKnownFileType = file.mlmodel; path = situp_new_model.mlmodel; sourceTree = "<group>"; };
		AA9C874E2A8DCB8B00D69AA3 /* compiled_situp_new_model.mlmodelc */ = {isa = PBXFileReference; lastKnownFileType = wrapper; path = compiled_situp_new_model.mlmodelc; sourceTree = "<group>"; };
		AA9C874F2A8DCB8B00D69AA3 /* compiled_squat_new_model.mlmodelc */ = {isa = PBXFileReference; lastKnownFileType = wrapper; path = compiled_squat_new_model.mlmodelc; sourceTree = "<group>"; };
		AA9E4A252A852AC500BAF6D7 /* compiled_burpee_model.mlmodelc */ = {isa = PBXFileReference; lastKnownFileType = wrapper; path = compiled_burpee_model.mlmodelc; sourceTree = "<group>"; };
		AAA0FB562A82C3AB005CA34A /* CapstoneProject Watch App.entitlements */ = {isa = PBXFileReference; lastKnownFileType = text.plist.entitlements; path = "CapstoneProject Watch App.entitlements"; sourceTree = "<group>"; };
		AAE963EA2A740CE00052E4C0 /* CapstoneProject.app */ = {isa = PBXFileReference; explicitFileType = wrapper.application; includeInIndex = 0; path = CapstoneProject.app; sourceTree = BUILT_PRODUCTS_DIR; };
		AAE963F02A740CE00052E4C0 /* CapstoneProject Watch App.app */ = {isa = PBXFileReference; explicitFileType = wrapper.application; includeInIndex = 0; path = "CapstoneProject Watch App.app"; sourceTree = BUILT_PRODUCTS_DIR; };
		AAE963F52A740CE00052E4C0 /* CapstoneProjectApp.swift */ = {isa = PBXFileReference; lastKnownFileType = sourcecode.swift; path = CapstoneProjectApp.swift; sourceTree = "<group>"; };
		AAE963F72A740CE00052E4C0 /* SummaryView.swift */ = {isa = PBXFileReference; lastKnownFileType = sourcecode.swift; path = SummaryView.swift; sourceTree = "<group>"; };
		AAE963F92A740CE20052E4C0 /* Assets.xcassets */ = {isa = PBXFileReference; lastKnownFileType = folder.assetcatalog; path = Assets.xcassets; sourceTree = "<group>"; };
		AAE963FC2A740CE20052E4C0 /* Preview Assets.xcassets */ = {isa = PBXFileReference; lastKnownFileType = folder.assetcatalog; path = "Preview Assets.xcassets"; sourceTree = "<group>"; };
		AAE964072A740E160052E4C0 /* StartView.swift */ = {isa = PBXFileReference; lastKnownFileType = sourcecode.swift; path = StartView.swift; sourceTree = "<group>"; };
		AAE9640B2A740FBB0052E4C0 /* MainManager.swift */ = {isa = PBXFileReference; lastKnownFileType = sourcecode.swift; path = MainManager.swift; sourceTree = "<group>"; };
		AAE9640E2A74127C0052E4C0 /* SensorOutput.swift */ = {isa = PBXFileReference; lastKnownFileType = sourcecode.swift; path = SensorOutput.swift; sourceTree = "<group>"; };
		AAE964102A74F32B0052E4C0 /* CapstoneProject-Watch-App-Info.plist */ = {isa = PBXFileReference; lastKnownFileType = text.plist; path = "CapstoneProject-Watch-App-Info.plist"; sourceTree = SOURCE_ROOT; };
		AAE964112A74F9DA0052E4C0 /* Preprocessor.swift */ = {isa = PBXFileReference; lastKnownFileType = sourcecode.swift; path = Preprocessor.swift; sourceTree = "<group>"; };
/* End PBXFileReference section */

/* Begin PBXFrameworksBuildPhase section */
		AAE963ED2A740CE00052E4C0 /* Frameworks */ = {
			isa = PBXFrameworksBuildPhase;
			buildActionMask = 2147483647;
			files = (
			);
			runOnlyForDeploymentPostprocessing = 0;
		};
/* End PBXFrameworksBuildPhase section */

/* Begin PBXGroup section */
		AA7FDFFE2A7B8DDC001D727C /* MLModel */ = {
			isa = PBXGroup;
			children = (
				AA9C874E2A8DCB8B00D69AA3 /* compiled_situp_new_model.mlmodelc */,
				AA9C874F2A8DCB8B00D69AA3 /* compiled_squat_new_model.mlmodelc */,
				AA9C874C2A8DCB8000D69AA3 /* situp_new_model.mlmodel */,
				AA9C874A2A8DCB6700D69AA3 /* squat_new_model.mlmodel */,
				AA9333F62A7E392B00614F99 /* compiled_all_model.mlmodelc */,
				AA9333E92A7E346200614F99 /* burpee_round_model.mlmodel */,
				AA9333E62A7E346200614F99 /* compiled_lunge_model.mlmodelc */,
				AA9E4A252A852AC500BAF6D7 /* compiled_burpee_model.mlmodelc */,
				AA9333EC2A7E346300614F99 /* lunge_round_model.mlmodel */,
				AA7FDFF42A7A45D2001D727C /* all_model.mlmodel */,
			);
			path = MLModel;
			sourceTree = "<group>";
		};
		AAE963E32A740CE00052E4C0 = {
			isa = PBXGroup;
			children = (
				AAE963F42A740CE00052E4C0 /* CapstoneProject Watch App */,
				AAE963EB2A740CE00052E4C0 /* Products */,
			);
			sourceTree = "<group>";
		};
		AAE963EB2A740CE00052E4C0 /* Products */ = {
			isa = PBXGroup;
			children = (
				AAE963EA2A740CE00052E4C0 /* CapstoneProject.app */,
				AAE963F02A740CE00052E4C0 /* CapstoneProject Watch App.app */,
			);
			name = Products;
			sourceTree = "<group>";
		};
		AAE963F42A740CE00052E4C0 /* CapstoneProject Watch App */ = {
			isa = PBXGroup;
			children = (
				AAA0FB562A82C3AB005CA34A /* CapstoneProject Watch App.entitlements */,
				AA7FDFFE2A7B8DDC001D727C /* MLModel */,
				AAE964102A74F32B0052E4C0 /* CapstoneProject-Watch-App-Info.plist */,
				AAE9640D2A7412690052E4C0 /* Model */,
				AAE9640A2A740F960052E4C0 /* Controller */,
				AAE964092A740F1E0052E4C0 /* View */,
				AAE963F52A740CE00052E4C0 /* CapstoneProjectApp.swift */,
				AAE963F92A740CE20052E4C0 /* Assets.xcassets */,
				AAE963FB2A740CE20052E4C0 /* Preview Content */,
			);
			path = "CapstoneProject Watch App";
			sourceTree = "<group>";
		};
		AAE963FB2A740CE20052E4C0 /* Preview Content */ = {
			isa = PBXGroup;
			children = (
				AAE963FC2A740CE20052E4C0 /* Preview Assets.xcassets */,
			);
			path = "Preview Content";
			sourceTree = "<group>";
		};
		AAE964092A740F1E0052E4C0 /* View */ = {
			isa = PBXGroup;
			children = (
				AAE963F72A740CE00052E4C0 /* SummaryView.swift */,
				AAE964072A740E160052E4C0 /* StartView.swift */,
			);
			path = View;
			sourceTree = "<group>";
		};
		AAE9640A2A740F960052E4C0 /* Controller */ = {
			isa = PBXGroup;
			children = (
				AAE9640B2A740FBB0052E4C0 /* MainManager.swift */,
			);
			path = Controller;
			sourceTree = "<group>";
		};
		AAE9640D2A7412690052E4C0 /* Model */ = {
			isa = PBXGroup;
			children = (
				AAE9640E2A74127C0052E4C0 /* SensorOutput.swift */,
				AAE964112A74F9DA0052E4C0 /* Preprocessor.swift */,
			);
			path = Model;
			sourceTree = "<group>";
		};
/* End PBXGroup section */

/* Begin PBXNativeTarget section */
		AAE963E92A740CE00052E4C0 /* CapstoneProject */ = {
			isa = PBXNativeTarget;
			buildConfigurationList = AAE964042A740CE20052E4C0 /* Build configuration list for PBXNativeTarget "CapstoneProject" */;
			buildPhases = (
				AAE963E82A740CE00052E4C0 /* Resources */,
				AAE964032A740CE20052E4C0 /* Embed Watch Content */,
			);
			buildRules = (
			);
			dependencies = (
				AAE963F32A740CE00052E4C0 /* PBXTargetDependency */,
			);
			name = CapstoneProject;
			productName = CapstoneProject;
			productReference = AAE963EA2A740CE00052E4C0 /* CapstoneProject.app */;
			productType = "com.apple.product-type.application.watchapp2-container";
		};
		AAE963EF2A740CE00052E4C0 /* CapstoneProject Watch App */ = {
			isa = PBXNativeTarget;
			buildConfigurationList = AAE964002A740CE20052E4C0 /* Build configuration list for PBXNativeTarget "CapstoneProject Watch App" */;
			buildPhases = (
				AAE963EC2A740CE00052E4C0 /* Sources */,
				AAE963ED2A740CE00052E4C0 /* Frameworks */,
				AAE963EE2A740CE00052E4C0 /* Resources */,
			);
			buildRules = (
			);
			dependencies = (
			);
			name = "CapstoneProject Watch App";
			productName = "CapstoneProject Watch App";
			productReference = AAE963F02A740CE00052E4C0 /* CapstoneProject Watch App.app */;
			productType = "com.apple.product-type.application";
		};
/* End PBXNativeTarget section */

/* Begin PBXProject section */
		AAE963E42A740CE00052E4C0 /* Project object */ = {
			isa = PBXProject;
			attributes = {
				BuildIndependentTargetsInParallel = 1;
				LastSwiftUpdateCheck = 1430;
				LastUpgradeCheck = 1430;
				TargetAttributes = {
					AAE963E92A740CE00052E4C0 = {
						CreatedOnToolsVersion = 14.3.1;
					};
					AAE963EF2A740CE00052E4C0 = {
						CreatedOnToolsVersion = 14.3.1;
					};
				};
			};
			buildConfigurationList = AAE963E72A740CE00052E4C0 /* Build configuration list for PBXProject "CapstoneProject" */;
			compatibilityVersion = "Xcode 14.0";
			developmentRegion = en;
			hasScannedForEncodings = 0;
			knownRegions = (
				en,
				Base,
			);
			mainGroup = AAE963E32A740CE00052E4C0;
			productRefGroup = AAE963EB2A740CE00052E4C0 /* Products */;
			projectDirPath = "";
			projectRoot = "";
			targets = (
				AAE963E92A740CE00052E4C0 /* CapstoneProject */,
				AAE963EF2A740CE00052E4C0 /* CapstoneProject Watch App */,
			);
		};
/* End PBXProject section */

/* Begin PBXResourcesBuildPhase section */
		AAE963E82A740CE00052E4C0 /* Resources */ = {
			isa = PBXResourcesBuildPhase;
			buildActionMask = 2147483647;
			files = (
			);
			runOnlyForDeploymentPostprocessing = 0;
		};
		AAE963EE2A740CE00052E4C0 /* Resources */ = {
			isa = PBXResourcesBuildPhase;
			buildActionMask = 2147483647;
			files = (
				AA9E4A262A852AC500BAF6D7 /* compiled_burpee_model.mlmodelc in Resources */,
				AAE963FD2A740CE20052E4C0 /* Preview Assets.xcassets in Resources */,
				AA9C87502A8DCB8B00D69AA3 /* compiled_situp_new_model.mlmodelc in Resources */,
				AA9333F72A7E392B00614F99 /* compiled_all_model.mlmodelc in Resources */,
				AAE963FA2A740CE20052E4C0 /* Assets.xcassets in Resources */,
				AA9333EE2A7E346300614F99 /* compiled_lunge_model.mlmodelc in Resources */,
				AA9C87512A8DCB8B00D69AA3 /* compiled_squat_new_model.mlmodelc in Resources */,
			);
			runOnlyForDeploymentPostprocessing = 0;
		};
/* End PBXResourcesBuildPhase section */

/* Begin PBXSourcesBuildPhase section */
		AAE963EC2A740CE00052E4C0 /* Sources */ = {
			isa = PBXSourcesBuildPhase;
			buildActionMask = 2147483647;
			files = (
				AAE964122A74F9DA0052E4C0 /* Preprocessor.swift in Sources */,
				AA7FDFF52A7A45D2001D727C /* all_model.mlmodel in Sources */,
				AAE9640C2A740FBB0052E4C0 /* MainManager.swift in Sources */,
				AAE9640F2A74127C0052E4C0 /* SensorOutput.swift in Sources */,
				AA9C874D2A8DCB8000D69AA3 /* situp_new_model.mlmodel in Sources */,
				AA9333F12A7E346300614F99 /* burpee_round_model.mlmodel in Sources */,
				AAE964082A740E160052E4C0 /* StartView.swift in Sources */,
				AA9C874B2A8DCB6700D69AA3 /* squat_new_model.mlmodel in Sources */,
				AA9333F42A7E346300614F99 /* lunge_round_model.mlmodel in Sources */,
				AAE963F82A740CE00052E4C0 /* SummaryView.swift in Sources */,
				AAE963F62A740CE00052E4C0 /* CapstoneProjectApp.swift in Sources */,
			);
			runOnlyForDeploymentPostprocessing = 0;
		};
/* End PBXSourcesBuildPhase section */

/* Begin PBXTargetDependency section */
		AAE963F32A740CE00052E4C0 /* PBXTargetDependency */ = {
			isa = PBXTargetDependency;
			target = AAE963EF2A740CE00052E4C0 /* CapstoneProject Watch App */;
			targetProxy = AAE963F22A740CE00052E4C0 /* PBXContainerItemProxy */;
		};
/* End PBXTargetDependency section */

/* Begin XCBuildConfiguration section */
		AAE963FE2A740CE20052E4C0 /* Debug */ = {
			isa = XCBuildConfiguration;
			buildSettings = {
				ALWAYS_SEARCH_USER_PATHS = NO;
				CLANG_ANALYZER_NONNULL = YES;
				CLANG_ANALYZER_NUMBER_OBJECT_CONVERSION = YES_AGGRESSIVE;
				CLANG_CXX_LANGUAGE_STANDARD = "gnu++20";
				CLANG_ENABLE_MODULES = YES;
				CLANG_ENABLE_OBJC_ARC = YES;
				CLANG_ENABLE_OBJC_WEAK = YES;
				CLANG_WARN_BLOCK_CAPTURE_AUTORELEASING = YES;
				CLANG_WARN_BOOL_CONVERSION = YES;
				CLANG_WARN_COMMA = YES;
				CLANG_WARN_CONSTANT_CONVERSION = YES;
				CLANG_WARN_DEPRECATED_OBJC_IMPLEMENTATIONS = YES;
				CLANG_WARN_DIRECT_OBJC_ISA_USAGE = YES_ERROR;
				CLANG_WARN_DOCUMENTATION_COMMENTS = YES;
				CLANG_WARN_EMPTY_BODY = YES;
				CLANG_WARN_ENUM_CONVERSION = YES;
				CLANG_WARN_INFINITE_RECURSION = YES;
				CLANG_WARN_INT_CONVERSION = YES;
				CLANG_WARN_NON_LITERAL_NULL_CONVERSION = YES;
				CLANG_WARN_OBJC_IMPLICIT_RETAIN_SELF = YES;
				CLANG_WARN_OBJC_LITERAL_CONVERSION = YES;
				CLANG_WARN_OBJC_ROOT_CLASS = YES_ERROR;
				CLANG_WARN_QUOTED_INCLUDE_IN_FRAMEWORK_HEADER = YES;
				CLANG_WARN_RANGE_LOOP_ANALYSIS = YES;
				CLANG_WARN_STRICT_PROTOTYPES = YES;
				CLANG_WARN_SUSPICIOUS_MOVE = YES;
				CLANG_WARN_UNGUARDED_AVAILABILITY = YES_AGGRESSIVE;
				CLANG_WARN_UNREACHABLE_CODE = YES;
				CLANG_WARN__DUPLICATE_METHOD_MATCH = YES;
				COPY_PHASE_STRIP = NO;
				DEBUG_INFORMATION_FORMAT = dwarf;
				ENABLE_STRICT_OBJC_MSGSEND = YES;
				ENABLE_TESTABILITY = YES;
				GCC_C_LANGUAGE_STANDARD = gnu11;
				GCC_DYNAMIC_NO_PIC = NO;
				GCC_NO_COMMON_BLOCKS = YES;
				GCC_OPTIMIZATION_LEVEL = 0;
				GCC_PREPROCESSOR_DEFINITIONS = (
					"DEBUG=1",
					"$(inherited)",
				);
				GCC_WARN_64_TO_32_BIT_CONVERSION = YES;
				GCC_WARN_ABOUT_RETURN_TYPE = YES_ERROR;
				GCC_WARN_UNDECLARED_SELECTOR = YES;
				GCC_WARN_UNINITIALIZED_AUTOS = YES_AGGRESSIVE;
				GCC_WARN_UNUSED_FUNCTION = YES;
				GCC_WARN_UNUSED_VARIABLE = YES;
				MTL_ENABLE_DEBUG_INFO = INCLUDE_SOURCE;
				MTL_FAST_MATH = YES;
				ONLY_ACTIVE_ARCH = YES;
				SWIFT_ACTIVE_COMPILATION_CONDITIONS = DEBUG;
				SWIFT_OPTIMIZATION_LEVEL = "-Onone";
			};
			name = Debug;
		};
		AAE963FF2A740CE20052E4C0 /* Release */ = {
			isa = XCBuildConfiguration;
			buildSettings = {
				ALWAYS_SEARCH_USER_PATHS = NO;
				CLANG_ANALYZER_NONNULL = YES;
				CLANG_ANALYZER_NUMBER_OBJECT_CONVERSION = YES_AGGRESSIVE;
				CLANG_CXX_LANGUAGE_STANDARD = "gnu++20";
				CLANG_ENABLE_MODULES = YES;
				CLANG_ENABLE_OBJC_ARC = YES;
				CLANG_ENABLE_OBJC_WEAK = YES;
				CLANG_WARN_BLOCK_CAPTURE_AUTORELEASING = YES;
				CLANG_WARN_BOOL_CONVERSION = YES;
				CLANG_WARN_COMMA = YES;
				CLANG_WARN_CONSTANT_CONVERSION = YES;
				CLANG_WARN_DEPRECATED_OBJC_IMPLEMENTATIONS = YES;
				CLANG_WARN_DIRECT_OBJC_ISA_USAGE = YES_ERROR;
				CLANG_WARN_DOCUMENTATION_COMMENTS = YES;
				CLANG_WARN_EMPTY_BODY = YES;
				CLANG_WARN_ENUM_CONVERSION = YES;
				CLANG_WARN_INFINITE_RECURSION = YES;
				CLANG_WARN_INT_CONVERSION = YES;
				CLANG_WARN_NON_LITERAL_NULL_CONVERSION = YES;
				CLANG_WARN_OBJC_IMPLICIT_RETAIN_SELF = YES;
				CLANG_WARN_OBJC_LITERAL_CONVERSION = YES;
				CLANG_WARN_OBJC_ROOT_CLASS = YES_ERROR;
				CLANG_WARN_QUOTED_INCLUDE_IN_FRAMEWORK_HEADER = YES;
				CLANG_WARN_RANGE_LOOP_ANALYSIS = YES;
				CLANG_WARN_STRICT_PROTOTYPES = YES;
				CLANG_WARN_SUSPICIOUS_MOVE = YES;
				CLANG_WARN_UNGUARDED_AVAILABILITY = YES_AGGRESSIVE;
				CLANG_WARN_UNREACHABLE_CODE = YES;
				CLANG_WARN__DUPLICATE_METHOD_MATCH = YES;
				COPY_PHASE_STRIP = NO;
				DEBUG_INFORMATION_FORMAT = "dwarf-with-dsym";
				ENABLE_NS_ASSERTIONS = NO;
				ENABLE_STRICT_OBJC_MSGSEND = YES;
				GCC_C_LANGUAGE_STANDARD = gnu11;
				GCC_NO_COMMON_BLOCKS = YES;
				GCC_WARN_64_TO_32_BIT_CONVERSION = YES;
				GCC_WARN_ABOUT_RETURN_TYPE = YES_ERROR;
				GCC_WARN_UNDECLARED_SELECTOR = YES;
				GCC_WARN_UNINITIALIZED_AUTOS = YES_AGGRESSIVE;
				GCC_WARN_UNUSED_FUNCTION = YES;
				GCC_WARN_UNUSED_VARIABLE = YES;
				MTL_ENABLE_DEBUG_INFO = NO;
				MTL_FAST_MATH = YES;
				SWIFT_COMPILATION_MODE = wholemodule;
				SWIFT_OPTIMIZATION_LEVEL = "-O";
			};
			name = Release;
		};
		AAE964012A740CE20052E4C0 /* Debug */ = {
			isa = XCBuildConfiguration;
			buildSettings = {
				ASSETCATALOG_COMPILER_APPICON_NAME = AppIcon;
				ASSETCATALOG_COMPILER_GLOBAL_ACCENT_COLOR_NAME = AccentColor;
				CODE_SIGN_ENTITLEMENTS = "CapstoneProject Watch App/CapstoneProject Watch App.entitlements";
				CODE_SIGN_STYLE = Automatic;
				CURRENT_PROJECT_VERSION = 1;
				DEVELOPMENT_ASSET_PATHS = "\"CapstoneProject Watch App/Preview Content\"";
				DEVELOPMENT_TEAM = CH3TV374FC;
				ENABLE_PREVIEWS = YES;
				GENERATE_INFOPLIST_FILE = YES;
				INFOPLIST_FILE = "CapstoneProject-Watch-App-Info.plist";
				INFOPLIST_KEY_CFBundleDisplayName = CapstoneProject;
				INFOPLIST_KEY_NSMotionUsageDescription = "Allow my app to access motion usage.";
				INFOPLIST_KEY_UISupportedInterfaceOrientations = "UIInterfaceOrientationPortrait UIInterfaceOrientationPortraitUpsideDown";
				INFOPLIST_KEY_WKWatchOnly = YES;
				LD_RUNPATH_SEARCH_PATHS = (
					"$(inherited)",
					"@executable_path/Frameworks",
				);
				MARKETING_VERSION = 1.0;
				PRODUCT_BUNDLE_IDENTIFIER = test.CapstoneProject3675.watchkitapp;
				PRODUCT_NAME = "$(TARGET_NAME)";
				SDKROOT = watchos;
				SKIP_INSTALL = YES;
				SWIFT_EMIT_LOC_STRINGS = YES;
				SWIFT_VERSION = 5.0;
				TARGETED_DEVICE_FAMILY = 4;
				WATCHOS_DEPLOYMENT_TARGET = 8.0;
			};
			name = Debug;
		};
		AAE964022A740CE20052E4C0 /* Release */ = {
			isa = XCBuildConfiguration;
			buildSettings = {
				ASSETCATALOG_COMPILER_APPICON_NAME = AppIcon;
				ASSETCATALOG_COMPILER_GLOBAL_ACCENT_COLOR_NAME = AccentColor;
				CODE_SIGN_ENTITLEMENTS = "CapstoneProject Watch App/CapstoneProject Watch App.entitlements";
				CODE_SIGN_STYLE = Automatic;
				CURRENT_PROJECT_VERSION = 1;
				DEVELOPMENT_ASSET_PATHS = "\"CapstoneProject Watch App/Preview Content\"";
				DEVELOPMENT_TEAM = CH3TV374FC;
				ENABLE_PREVIEWS = YES;
				GENERATE_INFOPLIST_FILE = YES;
				INFOPLIST_FILE = "CapstoneProject-Watch-App-Info.plist";
				INFOPLIST_KEY_CFBundleDisplayName = CapstoneProject;
				INFOPLIST_KEY_NSMotionUsageDescription = "Allow my app to access motion usage.";
				INFOPLIST_KEY_UISupportedInterfaceOrientations = "UIInterfaceOrientationPortrait UIInterfaceOrientationPortraitUpsideDown";
				INFOPLIST_KEY_WKWatchOnly = YES;
				LD_RUNPATH_SEARCH_PATHS = (
					"$(inherited)",
					"@executable_path/Frameworks",
				);
				MARKETING_VERSION = 1.0;
				PRODUCT_BUNDLE_IDENTIFIER = test.CapstoneProject3675.watchkitapp;
				PRODUCT_NAME = "$(TARGET_NAME)";
				SDKROOT = watchos;
				SKIP_INSTALL = YES;
				SWIFT_EMIT_LOC_STRINGS = YES;
				SWIFT_VERSION = 5.0;
				TARGETED_DEVICE_FAMILY = 4;
				VALIDATE_PRODUCT = YES;
				WATCHOS_DEPLOYMENT_TARGET = 8.0;
			};
			name = Release;
		};
		AAE964052A740CE20052E4C0 /* Debug */ = {
			isa = XCBuildConfiguration;
			buildSettings = {
				ALWAYS_EMBED_SWIFT_STANDARD_LIBRARIES = YES;
				CODE_SIGN_STYLE = Automatic;
				CURRENT_PROJECT_VERSION = 1;
				DEVELOPMENT_TEAM = CH3TV374FC;
				INFOPLIST_KEY_CFBundleDisplayName = CapstoneProject;
				MARKETING_VERSION = 1.0;
				PRODUCT_BUNDLE_IDENTIFIER = test.CapstoneProject3336;
				PRODUCT_NAME = "$(TARGET_NAME)";
				SDKROOT = iphoneos;
				SWIFT_VERSION = 5.0;
			};
			name = Debug;
		};
		AAE964062A740CE20052E4C0 /* Release */ = {
			isa = XCBuildConfiguration;
			buildSettings = {
				ALWAYS_EMBED_SWIFT_STANDARD_LIBRARIES = YES;
				CODE_SIGN_STYLE = Automatic;
				CURRENT_PROJECT_VERSION = 1;
				DEVELOPMENT_TEAM = CH3TV374FC;
				INFOPLIST_KEY_CFBundleDisplayName = CapstoneProject;
				MARKETING_VERSION = 1.0;
				PRODUCT_BUNDLE_IDENTIFIER = test.CapstoneProject3336;
				PRODUCT_NAME = "$(TARGET_NAME)";
				SDKROOT = iphoneos;
				SWIFT_VERSION = 5.0;
				VALIDATE_PRODUCT = YES;
			};
			name = Release;
		};
/* End XCBuildConfiguration section */

/* Begin XCConfigurationList section */
		AAE963E72A740CE00052E4C0 /* Build configuration list for PBXProject "CapstoneProject" */ = {
			isa = XCConfigurationList;
			buildConfigurations = (
				AAE963FE2A740CE20052E4C0 /* Debug */,
				AAE963FF2A740CE20052E4C0 /* Release */,
			);
			defaultConfigurationIsVisible = 0;
			defaultConfigurationName = Release;
		};
		AAE964002A740CE20052E4C0 /* Build configuration list for PBXNativeTarget "CapstoneProject Watch App" */ = {
			isa = XCConfigurationList;
			buildConfigurations = (
				AAE964012A740CE20052E4C0 /* Debug */,
				AAE964022A740CE20052E4C0 /* Release */,
			);
			defaultConfigurationIsVisible = 0;
			defaultConfigurationName = Release;
		};
		AAE964042A740CE20052E4C0 /* Build configuration list for PBXNativeTarget "CapstoneProject" */ = {
			isa = XCConfigurationList;
			buildConfigurations = (
				AAE964052A740CE20052E4C0 /* Debug */,
				AAE964062A740CE20052E4C0 /* Release */,
			);
			defaultConfigurationIsVisible = 0;
			defaultConfigurationName = Release;
		};
/* End XCConfigurationList section */
	};
	rootObject = AAE963E42A740CE00052E4C0 /* Project object */;
}
